
Microsoft Visual Studio Solution File, Format Version 12.00
# Visual Studio 15
VisualStudioVersion = 15.0.27004.2009
MinimumVisualStudioVersion = 10.0.40219.1
Project("{FAE04EC0-301F-11D3-BF4B-00C04F79EFBC}") = "Web", "Web\Web.csproj", "{6FF1E46A-41FE-4649-9BCA-54FBEEA93DE9}"
EndProject
Project("{2150E333-8FDC-42A3-9474-1A3956D46DE8}") = "Apresentação", "Apresentação", "{32F5719F-96B9-4034-9CBB-962D0A2E13A2}"
EndProject
Project("{2150E333-8FDC-42A3-9474-1A3956D46DE8}") = "Infra", "Infra", "{ACBE2227-E241-44C1-ACBB-16F1B3C68605}"
EndProject
Project("{2150E333-8FDC-42A3-9474-1A3956D46DE8}") = "Serviços", "Serviços", "{01A33FA5-13AC-4A2C-890E-1DD4584ECE27}"
EndProject
Project("{2150E333-8FDC-42A3-9474-1A3956D46DE8}") = "Útil", "Útil", "{47DEE08C-86B6-4964-B2E5-D9DA9A502C2A}"
EndProject
Project("{2150E333-8FDC-42A3-9474-1A3956D46DE8}") = "Core", "Core", "{9D99C551-E93E-421C-BC0C-81FA94AFC15D}"
EndProject
Project("{FAE04EC0-301F-11D3-BF4B-00C04F79EFBC}") = "BLL", "BLL\BLL.csproj", "{584F9378-78FD-4B69-977F-479ABF6A2C55}"
EndProject
Project("{FAE04EC0-301F-11D3-BF4B-00C04F79EFBC}") = "Model", "Model\Model.csproj", "{35F0555B-6736-4197-9062-CA954B69F0EB}"
EndProject
Project("{FAE04EC0-301F-11D3-BF4B-00C04F79EFBC}") = "DAL", "DAL\DAL.csproj", "{0C14A74A-E1E1-4E46-87F1-7BB10A75832C}"
EndProject
Project("{FAE04EC0-301F-11D3-BF4B-00C04F79EFBC}") = "Infra", "Infra\Infra.csproj", "{5190A2AA-7F94-4852-BC07-CB21E8A8F83E}"
EndProject
Project("{FAE04EC0-301F-11D3-BF4B-00C04F79EFBC}") = "Infra.IoC", "Infra.IoC\Infra.IoC.csproj", "{281A20BC-C9D7-4EA1-B254-D1C3EBEA1E1C}"
EndProject
Project("{FAE04EC0-301F-11D3-BF4B-00C04F79EFBC}") = "SAL", "SAL\SAL.csproj", "{3FE7F802-AB4B-40BD-9051-296CF5E8145F}"
EndProject
Project("{FAE04EC0-301F-11D3-BF4B-00C04F79EFBC}") = "Util", "Util\Util.csproj", "{8740592D-9C30-4E82-BCA1-3253EE11D1AF}"
EndProject
Global
	GlobalSection(SolutionConfigurationPlatforms) = preSolution
		Debug|Any CPU = Debug|Any CPU
		Release|Any CPU = Release|Any CPU
	EndGlobalSection
	GlobalSection(ProjectConfigurationPlatforms) = postSolution
		{6FF1E46A-41FE-4649-9BCA-54FBEEA93DE9}.Debug|Any CPU.ActiveCfg = Debug|Any CPU
		{6FF1E46A-41FE-4649-9BCA-54FBEEA93DE9}.Debug|Any CPU.Build.0 = Debug|Any CPU
		{6FF1E46A-41FE-4649-9BCA-54FBEEA93DE9}.Release|Any CPU.ActiveCfg = Release|Any CPU
		{6FF1E46A-41FE-4649-9BCA-54FBEEA93DE9}.Release|Any CPU.Build.0 = Release|Any CPU
		{584F9378-78FD-4B69-977F-479ABF6A2C55}.Debug|Any CPU.ActiveCfg = Debug|Any CPU
		{584F9378-78FD-4B69-977F-479ABF6A2C55}.Debug|Any CPU.Build.0 = Debug|Any CPU
		{584F9378-78FD-4B69-977F-479ABF6A2C55}.Release|Any CPU.ActiveCfg = Release|Any CPU
		{584F9378-78FD-4B69-977F-479ABF6A2C55}.Release|Any CPU.Build.0 = Release|Any CPU
		{35F0555B-6736-4197-9062-CA954B69F0EB}.Debug|Any CPU.ActiveCfg = Debug|Any CPU
		{35F0555B-6736-4197-9062-CA954B69F0EB}.Debug|Any CPU.Build.0 = Debug|Any CPU
		{35F0555B-6736-4197-9062-CA954B69F0EB}.Release|Any CPU.ActiveCfg = Release|Any CPU
		{35F0555B-6736-4197-9062-CA954B69F0EB}.Release|Any CPU.Build.0 = Release|Any CPU
		{0C14A74A-E1E1-4E46-87F1-7BB10A75832C}.Debug|Any CPU.ActiveCfg = Debug|Any CPU
		{0C14A74A-E1E1-4E46-87F1-7BB10A75832C}.Debug|Any CPU.Build.0 = Debug|Any CPU
		{0C14A74A-E1E1-4E46-87F1-7BB10A75832C}.Release|Any CPU.ActiveCfg = Release|Any CPU
		{0C14A74A-E1E1-4E46-87F1-7BB10A75832C}.Release|Any CPU.Build.0 = Release|Any CPU
		{5190A2AA-7F94-4852-BC07-CB21E8A8F83E}.Debug|Any CPU.ActiveCfg = Debug|Any CPU
		{5190A2AA-7F94-4852-BC07-CB21E8A8F83E}.Debug|Any CPU.Build.0 = Debug|Any CPU
		{5190A2AA-7F94-4852-BC07-CB21E8A8F83E}.Release|Any CPU.ActiveCfg = Release|Any CPU
		{5190A2AA-7F94-4852-BC07-CB21E8A8F83E}.Release|Any CPU.Build.0 = Release|Any CPU
		{281A20BC-C9D7-4EA1-B254-D1C3EBEA1E1C}.Debug|Any CPU.ActiveCfg = Debug|Any CPU
		{281A20BC-C9D7-4EA1-B254-D1C3EBEA1E1C}.Debug|Any CPU.Build.0 = Debug|Any CPU
		{281A20BC-C9D7-4EA1-B254-D1C3EBEA1E1C}.Release|Any CPU.ActiveCfg = Release|Any CPU
		{281A20BC-C9D7-4EA1-B254-D1C3EBEA1E1C}.Release|Any CPU.Build.0 = Release|Any CPU
		{3FE7F802-AB4B-40BD-9051-296CF5E8145F}.Debug|Any CPU.ActiveCfg = Debug|Any CPU
		{3FE7F802-AB4B-40BD-9051-296CF5E8145F}.Debug|Any CPU.Build.0 = Debug|Any CPU
		{3FE7F802-AB4B-40BD-9051-296CF5E8145F}.Release|Any CPU.ActiveCfg = Release|Any CPU
		{3FE7F802-AB4B-40BD-9051-296CF5E8145F}.Release|Any CPU.Build.0 = Release|Any CPU
		{8740592D-9C30-4E82-BCA1-3253EE11D1AF}.Debug|Any CPU.ActiveCfg = Debug|Any CPU
		{8740592D-9C30-4E82-BCA1-3253EE11D1AF}.Debug|Any CPU.Build.0 = Debug|Any CPU
		{8740592D-9C30-4E82-BCA1-3253EE11D1AF}.Release|Any CPU.ActiveCfg = Release|Any CPU
		{8740592D-9C30-4E82-BCA1-3253EE11D1AF}.Release|Any CPU.Build.0 = Release|Any CPU
	EndGlobalSection
	GlobalSection(SolutionProperties) = preSolution
		HideSolutionNode = FALSE
	EndGlobalSection
	GlobalSection(NestedProjects) = preSolution
		{6FF1E46A-41FE-4649-9BCA-54FBEEA93DE9} = {32F5719F-96B9-4034-9CBB-962D0A2E13A2}
		{584F9378-78FD-4B69-977F-479ABF6A2C55} = {9D99C551-E93E-421C-BC0C-81FA94AFC15D}
		{35F0555B-6736-4197-9062-CA954B69F0EB} = {9D99C551-E93E-421C-BC0C-81FA94AFC15D}
		{0C14A74A-E1E1-4E46-87F1-7BB10A75832C} = {ACBE2227-E241-44C1-ACBB-16F1B3C68605}
		{5190A2AA-7F94-4852-BC07-CB21E8A8F83E} = {ACBE2227-E241-44C1-ACBB-16F1B3C68605}
		{281A20BC-C9D7-4EA1-B254-D1C3EBEA1E1C} = {ACBE2227-E241-44C1-ACBB-16F1B3C68605}
		{3FE7F802-AB4B-40BD-9051-296CF5E8145F} = {01A33FA5-13AC-4A2C-890E-1DD4584ECE27}
		{8740592D-9C30-4E82-BCA1-3253EE11D1AF} = {47DEE08C-86B6-4964-B2E5-D9DA9A502C2A}
	EndGlobalSection
	GlobalSection(ExtensibilityGlobals) = postSolution
		SolutionGuid = {9D276F30-9D89-4283-A571-0A1AF0D68A60}
	EndGlobalSection
EndGlobal
